{
  "name": "AlertProject",
  "lockfileVersion": 3,
  "requires": true,
  "packages": {
    "": {
      "dependencies": {
        "dotenv": "^17.3.1",
        "node-cron": "^4.2.1",
        "nodemailer": "^8.0.2"
      }
    },
    "node_modules/dotenv": {
      "version": "17.3.1",
      "resolved": "https://registry.npmjs.org/dotenv/-/dotenv-17.3.1.tgz",
      "integrity": "sha512-IO8C/dzEb6O3F9/twg6ZLXz164a2fhTnEWb95H23Dm4OuN+92NmEAlTrupP9VW6Jm3sO26tQlqyvyi4CsnY9GA==",
      "engines": {
        "node": ">=12"
      },
      "funding": {
        "url": "https://dotenvx.com"
      }
    },
    "node_modules/node-cron": {
      "version": "4.2.1",
      "resolved": "https://registry.npmjs.org/node-cron/-/node-cron-4.2.1.tgz",
      "integrity": "sha512-lgimEHPE/QDgFlywTd8yTR61ptugX3Qer29efeyWw2rv259HtGBNn1vZVmp8lB9uo9wC0t/AT4iGqXxia+CJFg==",
      "engines": {
        "node": ">=6.0.0"
      }
    },
    "node_modules/nodemailer": {
      "version": "8.0.2",
      "resolved": "https://registry.npmjs.org/nodemailer/-/nodemailer-8.0.2.tgz",
      "integrity": "sha512-zbj002pZAIkWQFxyAaqoxvn+zoIwRnS40hgjqTXudKOOJkiFFgBeNqjgD3/YCR12sZnrghWYBY+yP1ZucdDRpw==",
      "engines": {
        "node": ">=6.0.0"
      }
    }
  }
}
